
Microsoft Visual Studio Solution File, Format Version 12.00
# Visual Studio 14
VisualStudioVersion = 14.0.24720.0
MinimumVisualStudioVersion = 10.0.40219.1
Project("{FAE04EC0-301F-11D3-BF4B-00C04F79EFBC}") = "Aufgabe 3 - Torkelnde Yamyams", "Aufgabe 3 - Torkelnde Yamyams\Aufgabe 3 - Torkelnde Yamyams.csproj", "{F3476777-CAEF-4D50-B4C5-A8FEB1EF9F91}"
EndProject
Project("{FAE04EC0-301F-11D3-BF4B-00C04F79EFBC}") = "Aufgabe 1 - Geburtstagskuchen (GUI)", "Aufgabe 1 - Geburtstagskuchen (GUI)\Aufgabe 1 - Geburtstagskuchen (GUI).csproj", "{6554B486-FD0D-44EE-A94A-234CF2F1C4BC}"
EndProject
Global
	GlobalSection(SolutionConfigurationPlatforms) = preSolution
		Debug|Any CPU = Debug|Any CPU
		Release|Any CPU = Release|Any CPU
	EndGlobalSection
	GlobalSection(ProjectConfigurationPlatforms) = postSolution
		{F3476777-CAEF-4D50-B4C5-A8FEB1EF9F91}.Debug|Any CPU.ActiveCfg = Debug|Any CPU
		{F3476777-CAEF-4D50-B4C5-A8FEB1EF9F91}.Debug|Any CPU.Build.0 = Debug|Any CPU
		{F3476777-CAEF-4D50-B4C5-A8FEB1EF9F91}.Release|Any CPU.ActiveCfg = Release|Any CPU
		{F3476777-CAEF-4D50-B4C5-A8FEB1EF9F91}.Release|Any CPU.Build.0 = Release|Any CPU
		{6554B486-FD0D-44EE-A94A-234CF2F1C4BC}.Debug|Any CPU.ActiveCfg = Debug|Any CPU
		{6554B486-FD0D-44EE-A94A-234CF2F1C4BC}.Debug|Any CPU.Build.0 = Debug|Any CPU
		{6554B486-FD0D-44EE-A94A-234CF2F1C4BC}.Release|Any CPU.ActiveCfg = Release|Any CPU
		{6554B486-FD0D-44EE-A94A-234CF2F1C4BC}.Release|Any CPU.Build.0 = Release|Any CPU
	EndGlobalSection
	GlobalSection(SolutionProperties) = preSolution
		HideSolutionNode = FALSE
	EndGlobalSection
EndGlobal
